
Microsoft Visual Studio Solution File, Format Version 12.00
# Visual Studio Version 17
VisualStudioVersion = 17.0.31612.314
MinimumVisualStudioVersion = 10.0.40219.1
Project("{FAE04EC0-301F-11D3-BF4B-00C04F79EFBC}") = "PDFPrinter", "PDFPrinter\PDFPrinter.csproj", "{8AC41DAF-88A6-4A67-AED1-8B6BA34DE5AD}"
EndProject
Global
	GlobalSection(SolutionConfigurationPlatforms) = preSolution
		Debug|Any CPU = Debug|Any CPU
		Release|Any CPU = Release|Any CPU
	EndGlobalSection
	GlobalSection(ProjectConfigurationPlatforms) = postSolution
		{8AC41DAF-88A6-4A67-AED1-8B6BA34DE5AD}.Debug|Any CPU.ActiveCfg = Debug|Any CPU
		{8AC41DAF-88A6-4A67-AED1-8B6BA34DE5AD}.Debug|Any CPU.Build.0 = Debug|Any CPU
		{8AC41DAF-88A6-4A67-AED1-8B6BA34DE5AD}.Release|Any CPU.ActiveCfg = Release|Any CPU
		{8AC41DAF-88A6-4A67-AED1-8B6BA34DE5AD}.Release|Any CPU.Build.0 = Release|Any CPU
	EndGlobalSection
	GlobalSection(SolutionProperties) = preSolution
		HideSolutionNode = FALSE
	EndGlobalSection
	GlobalSection(ExtensibilityGlobals) = postSolution
		SolutionGuid = {1B70EEE9-4FC6-4A48-A500-9936C2ED5100}
	EndGlobalSection
EndGlobal
